
Microsoft Visual Studio Solution File, Format Version 12.00
# Visual Studio Version 18
VisualStudioVersion = 18.5.11723.231 stable
MinimumVisualStudioVersion = 10.0.40219.1
Project("{FAE04EC0-301F-11D3-BF4B-00C04F79EFBC}") = "WpfApp1", "WpfApp1.csproj", "{3C33CD33-3FB3-4DD0-898E-3B4B48DB4E0C}"
EndProject
Global
	GlobalSection(SolutionConfigurationPlatforms) = preSolution
		Debug|Any CPU = Debug|Any CPU
		Release|Any CPU = Release|Any CPU
	EndGlobalSection
	GlobalSection(ProjectConfigurationPlatforms) = postSolution
		{3C33CD33-3FB3-4DD0-898E-3B4B48DB4E0C}.Debug|Any CPU.ActiveCfg = Debug|Any CPU
		{3C33CD33-3FB3-4DD0-898E-3B4B48DB4E0C}.Debug|Any CPU.Build.0 = Debug|Any CPU
		{3C33CD33-3FB3-4DD0-898E-3B4B48DB4E0C}.Release|Any CPU.ActiveCfg = Release|Any CPU
		{3C33CD33-3FB3-4DD0-898E-3B4B48DB4E0C}.Release|Any CPU.Build.0 = Release|Any CPU
	EndGlobalSection
	GlobalSection(SolutionProperties) = preSolution
		HideSolutionNode = FALSE
	EndGlobalSection
	GlobalSection(ExtensibilityGlobals) = postSolution
		SolutionGuid = {08729745-6D9A-4785-8393-D42BE4639EAF}
	EndGlobalSection
EndGlobal
